
Microsoft Visual Studio Solution File, Format Version 12.00
# Visual Studio 15
VisualStudioVersion = 15.0.28307.271
MinimumVisualStudioVersion = 10.0.40219.1
Project("{FAE04EC0-301F-11D3-BF4B-00C04F79EFBC}") = "FirstAppAngular.Api", "src\FirstAppAngular.Api\FirstAppAngular.Api.csproj", "{31588CA6-8A34-4BCC-B1E4-B272D9F73231}"
EndProject
Project("{E24C65DC-7377-472B-9ABA-BC803B73C61A}") = "FirstAppAngular", "src\FirstAppAngular\", "{3EC1B838-6F4E-4DC7-A27B-1E47E00849E4}"
	ProjectSection(WebsiteProperties) = preProject
		TargetFrameworkMoniker = ".NETFramework,Version%3Dv4.0"
		Debug.AspNetCompiler.VirtualPath = "/localhost_15164"
		Debug.AspNetCompiler.PhysicalPath = "src\FirstAppAngular\"
		Debug.AspNetCompiler.TargetPath = "PrecompiledWeb\localhost_15164\"
		Debug.AspNetCompiler.Updateable = "true"
		Debug.AspNetCompiler.ForceOverwrite = "true"
		Debug.AspNetCompiler.FixedNames = "false"
		Debug.AspNetCompiler.Debug = "True"
		Release.AspNetCompiler.VirtualPath = "/localhost_15164"
		Release.AspNetCompiler.PhysicalPath = "src\FirstAppAngular\"
		Release.AspNetCompiler.TargetPath = "PrecompiledWeb\localhost_15164\"
		Release.AspNetCompiler.Updateable = "true"
		Release.AspNetCompiler.ForceOverwrite = "true"
		Release.AspNetCompiler.FixedNames = "false"
		Release.AspNetCompiler.Debug = "False"
		VWDPort = "15164"
		SlnRelativePath = "src\FirstAppAngular\"
	EndProjectSection
EndProject
Global
	GlobalSection(SolutionConfigurationPlatforms) = preSolution
		Debug|Any CPU = Debug|Any CPU
		Release|Any CPU = Release|Any CPU
	EndGlobalSection
	GlobalSection(ProjectConfigurationPlatforms) = postSolution
		{31588CA6-8A34-4BCC-B1E4-B272D9F73231}.Debug|Any CPU.ActiveCfg = Debug|Any CPU
		{31588CA6-8A34-4BCC-B1E4-B272D9F73231}.Debug|Any CPU.Build.0 = Debug|Any CPU
		{31588CA6-8A34-4BCC-B1E4-B272D9F73231}.Release|Any CPU.ActiveCfg = Release|Any CPU
		{31588CA6-8A34-4BCC-B1E4-B272D9F73231}.Release|Any CPU.Build.0 = Release|Any CPU
		{3EC1B838-6F4E-4DC7-A27B-1E47E00849E4}.Debug|Any CPU.ActiveCfg = Debug|Any CPU
		{3EC1B838-6F4E-4DC7-A27B-1E47E00849E4}.Debug|Any CPU.Build.0 = Debug|Any CPU
		{3EC1B838-6F4E-4DC7-A27B-1E47E00849E4}.Release|Any CPU.ActiveCfg = Debug|Any CPU
		{3EC1B838-6F4E-4DC7-A27B-1E47E00849E4}.Release|Any CPU.Build.0 = Debug|Any CPU
	EndGlobalSection
	GlobalSection(SolutionProperties) = preSolution
		HideSolutionNode = FALSE
	EndGlobalSection
	GlobalSection(ExtensibilityGlobals) = postSolution
		SolutionGuid = {6A43378F-FF7F-41B5-A67E-5C981852F568}
	EndGlobalSection
EndGlobal
